// !$*UTF8*$!
{
	archiveVersion = 1;
	classes = {
	};
	objectVersion = 55;
	objects = {

/* Begin PBXBuildFile section */
		2201A21A27FFC8C00056E129 /* AppDelegate.swift in Sources */ = {isa = PBXBuildFile; fileRef = 2201A21927FFC8C00056E129 /* AppDelegate.swift */; };
		2201A21C27FFC8C00056E129 /* SceneDelegate.swift in Sources */ = {isa = PBXBuildFile; fileRef = 2201A21B27FFC8C00056E129 /* SceneDelegate.swift */; };
		2201A21E27FFC8C00056E129 /* ViewController.swift in Sources */ = {isa = PBXBuildFile; fileRef = 2201A21D27FFC8C00056E129 /* ViewController.swift */; };
		2201A22127FFC8C00056E129 /* Main.storyboard in Resources */ = {isa = PBXBuildFile; fileRef = 2201A21F27FFC8C00056E129 /* Main.storyboard */; };
		2201A22327FFC8C30056E129 /* Assets.xcassets in Resources */ = {isa = PBXBuildFile; fileRef = 2201A22227FFC8C30056E129 /* Assets.xcassets */; };
		2201A22627FFC8C30056E129 /* LaunchScreen.storyboard in Resources */ = {isa = PBXBuildFile; fileRef = 2201A22427FFC8C30056E129 /* LaunchScreen.storyboard */; };
		2201A23127FFC8C40056E129 /* RxSwift_practiseTests.swift in Sources */ = {isa = PBXBuildFile; fileRef = 2201A23027FFC8C40056E129 /* RxSwift_practiseTests.swift */; };
		2201A23B27FFC8C40056E129 /* RxSwift_practiseUITests.swift in Sources */ = {isa = PBXBuildFile; fileRef = 2201A23A27FFC8C40056E129 /* RxSwift_practiseUITests.swift */; };
		2201A23D27FFC8C40056E129 /* RxSwift_practiseUITestsLaunchTests.swift in Sources */ = {isa = PBXBuildFile; fileRef = 2201A23C27FFC8C40056E129 /* RxSwift_practiseUITestsLaunchTests.swift */; };
/* End PBXBuildFile section */

/* Begin PBXContainerItemProxy section */
		2201A22D27FFC8C40056E129 /* PBXContainerItemProxy */ = {
			isa = PBXContainerItemProxy;
			containerPortal = 2201A20E27FFC8C00056E129 /* Project object */;
			proxyType = 1;
			remoteGlobalIDString = 2201A21527FFC8C00056E129;
			remoteInfo = RxSwift_practise;
		};
		2201A23727FFC8C40056E129 /* PBXContainerItemProxy */ = {
			isa = PBXContainerItemProxy;
			containerPortal = 2201A20E27FFC8C00056E129 /* Project object */;
			proxyType = 1;
			remoteGlobalIDString = 2201A21527FFC8C00056E129;
			remoteInfo = RxSwift_practise;
		};
/* End PBXContainerItemProxy section */

/* Begin PBXFileReference section */
		2201A21627FFC8C00056E129 /* RxSwift_practise.app */ = {isa = PBXFileReference; explicitFileType = wrapper.application; includeInIndex = 0; path = RxSwift_practise.app; sourceTree = BUILT_PRODUCTS_DIR; };
		2201A21927FFC8C00056E129 /* AppDelegate.swift */ = {isa = PBXFileReference; lastKnownFileType = sourcecode.swift; path = AppDelegate.swift; sourceTree = "<group>"; };
		2201A21B27FFC8C00056E129 /* SceneDelegate.swift */ = {isa = PBXFileReference; lastKnownFileType = sourcecode.swift; path = SceneDelegate.swift; sourceTree = "<group>"; };
		2201A21D27FFC8C00056E129 /* ViewController.swift */ = {isa = PBXFileReference; lastKnownFileType = sourcecode.swift; path = ViewController.swift; sourceTree = "<group>"; };
		2201A22027FFC8C00056E129 /* Base */ = {isa = PBXFileReference; lastKnownFileType = file.storyboard; name = Base; path = Base.lproj/Main.storyboard; sourceTree = "<group>"; };
		2201A22227FFC8C30056E129 /* Assets.xcassets */ = {isa = PBXFileReference; lastKnownFileType = folder.assetcatalog; path = Assets.xcassets; sourceTree = "<group>"; };
		2201A22527FFC8C30056E129 /* Base */ = {isa = PBXFileReference; lastKnownFileType = file.storyboard; name = Base; path = Base.lproj/LaunchScreen.storyboard; sourceTree = "<group>"; };
		2201A22727FFC8C30056E129 /* Info.plist */ = {isa = PBXFileReference; lastKnownFileType = text.plist.xml; path = Info.plist; sourceTree = "<group>"; };
		2201A22C27FFC8C40056E129 /* RxSwift_practiseTests.xctest */ = {isa = PBXFileReference; explicitFileType = wrapper.cfbundle; includeInIndex = 0; path = RxSwift_practiseTests.xctest; sourceTree = BUILT_PRODUCTS_DIR; };
		2201A23027FFC8C40056E129 /* RxSwift_practiseTests.swift */ = {isa = PBXFileReference; lastKnownFileType = sourcecode.swift; path = RxSwift_practiseTests.swift; sourceTree = "<group>"; };
		2201A23627FFC8C40056E129 /* RxSwift_practiseUITests.xctest */ = {isa = PBXFileReference; explicitFileType = wrapper.cfbundle; includeInIndex = 0; path = RxSwift_practiseUITests.xctest; sourceTree = BUILT_PRODUCTS_DIR; };
		2201A23A27FFC8C40056E129 /* RxSwift_practiseUITests.swift */ = {isa = PBXFileReference; lastKnownFileType = sourcecode.swift; path = RxSwift_practiseUITests.swift; sourceTree = "<group>"; };
		2201A23C27FFC8C40056E129 /* RxSwift_practiseUITestsLaunchTests.swift */ = {isa = PBXFileReference; lastKnownFileType = sourcecode.swift; path = RxSwift_practiseUITestsLaunchTests.swift; sourceTree = "<group>"; };
/* End PBXFileReference section */

/* Begin PBXFrameworksBuildPhase section */
		2201A21327FFC8C00056E129 /* Frameworks */ = {
			isa = PBXFrameworksBuildPhase;
			buildActionMask = 2147483647;
			files = (
			);
			runOnlyForDeploymentPostprocessing = 0;
		};
		2201A22927FFC8C40056E129 /* Frameworks */ = {
			isa = PBXFrameworksBuildPhase;
			buildActionMask = 2147483647;
			files = (
			);
			runOnlyForDeploymentPostprocessing = 0;
		};
		2201A23327FFC8C40056E129 /* Frameworks */ = {
			isa = PBXFrameworksBuildPhase;
			buildActionMask = 2147483647;
			files = (
			);
			runOnlyForDeploymentPostprocessing = 0;
		};
/* End PBXFrameworksBuildPhase section */

/* Begin PBXGroup section */
		2201A20D27FFC8C00056E129 = {
			isa = PBXGroup;
			children = (
				2201A21827FFC8C00056E129 /* RxSwift_practise */,
				2201A22F27FFC8C40056E129 /* RxSwift_practiseTests */,
				2201A23927FFC8C40056E129 /* RxSwift_practiseUITests */,
				2201A21727FFC8C00056E129 /* Products */,
			);
			sourceTree = "<group>";
		};
		2201A21727FFC8C00056E129 /* Products */ = {
			isa = PBXGroup;
			children = (
				2201A21627FFC8C00056E129 /* RxSwift_practise.app */,
				2201A22C27FFC8C40056E129 /* RxSwift_practiseTests.xctest */,
				2201A23627FFC8C40056E129 /* RxSwift_practiseUITests.xctest */,
			);
			name = Products;
			sourceTree = "<group>";
		};
		2201A21827FFC8C00056E129 /* RxSwift_practise */ = {
			isa = PBXGroup;
			children = (
				2201A21927FFC8C00056E129 /* AppDelegate.swift */,
				2201A21B27FFC8C00056E129 /* SceneDelegate.swift */,
				2201A21D27FFC8C00056E129 /* ViewController.swift */,
				2201A21F27FFC8C00056E129 /* Main.storyboard */,
				2201A22227FFC8C30056E129 /* Assets.xcassets */,
				2201A22427FFC8C30056E129 /* LaunchScreen.storyboard */,
				2201A22727FFC8C30056E129 /* Info.plist */,
			);
			path = RxSwift_practise;
			sourceTree = "<group>";
		};
		2201A22F27FFC8C40056E129 /* RxSwift_practiseTests */ = {
			isa = PBXGroup;
			children = (
				2201A23027FFC8C40056E129 /* RxSwift_practiseTests.swift */,
			);
			path = RxSwift_practiseTests;
			sourceTree = "<group>";
		};
		2201A23927FFC8C40056E129 /* RxSwift_practiseUITests */ = {
			isa = PBXGroup;
			children = (
				2201A23A27FFC8C40056E129 /* RxSwift_practiseUITests.swift */,
				2201A23C27FFC8C40056E129 /* RxSwift_practiseUITestsLaunchTests.swift */,
			);
			path = RxSwift_practiseUITests;
			sourceTree = "<group>";
		};
/* End PBXGroup section */

/* Begin PBXNativeTarget section */
		2201A21527FFC8C00056E129 /* RxSwift_practise */ = {
			isa = PBXNativeTarget;
			buildConfigurationList = 2201A24027FFC8C40056E129 /* Build configuration list for PBXNativeTarget "RxSwift_practise" */;
			buildPhases = (
				2201A21227FFC8C00056E129 /* Sources */,
				2201A21327FFC8C00056E129 /* Frameworks */,
				2201A21427FFC8C00056E129 /* Resources */,
			);
			buildRules = (
			);
			dependencies = (
			);
			name = RxSwift_practise;
			productName = RxSwift_practise;
			productReference = 2201A21627FFC8C00056E129 /* RxSwift_practise.app */;
			productType = "com.apple.product-type.application";
		};
		2201A22B27FFC8C40056E129 /* RxSwift_practiseTests */ = {
			isa = PBXNativeTarget;
			buildConfigurationList = 2201A24327FFC8C40056E129 /* Build configuration list for PBXNativeTarget "RxSwift_practiseTests" */;
			buildPhases = (
				2201A22827FFC8C40056E129 /* Sources */,
				2201A22927FFC8C40056E129 /* Frameworks */,
				2201A22A27FFC8C40056E129 /* Resources */,
			);
			buildRules = (
			);
			dependencies = (
				2201A22E27FFC8C40056E129 /* PBXTargetDependency */,
			);
			name = RxSwift_practiseTests;
			productName = RxSwift_practiseTests;
			productReference = 2201A22C27FFC8C40056E129 /* RxSwift_practiseTests.xctest */;
			productType = "com.apple.product-type.bundle.unit-test";
		};
		2201A23527FFC8C40056E129 /* RxSwift_practiseUITests */ = {
			isa = PBXNativeTarget;
			buildConfigurationList = 2201A24627FFC8C40056E129 /* Build configuration list for PBXNativeTarget "RxSwift_practiseUITests" */;
			buildPhases = (
				2201A23227FFC8C40056E129 /* Sources */,
				2201A23327FFC8C40056E129 /* Frameworks */,
				2201A23427FFC8C40056E129 /* Resources */,
			);
			buildRules = (
			);
			dependencies = (
				2201A23827FFC8C40056E129 /* PBXTargetDependency */,
			);
			name = RxSwift_practiseUITests;
			productName = RxSwift_practiseUITests;
			productReference = 2201A23627FFC8C40056E129 /* RxSwift_practiseUITests.xctest */;
			productType = "com.apple.product-type.bundle.ui-testing";
		};
/* End PBXNativeTarget section */

/* Begin PBXProject section */
		2201A20E27FFC8C00056E129 /* Project object */ = {
			isa = PBXProject;
			attributes = {
				BuildIndependentTargetsInParallel = 1;
				LastSwiftUpdateCheck = 1330;
				LastUpgradeCheck = 1330;
				TargetAttributes = {
					2201A21527FFC8C00056E129 = {
						CreatedOnToolsVersion = 13.3;
					};
					2201A22B27FFC8C40056E129 = {
						CreatedOnToolsVersion = 13.3;
						TestTargetID = 2201A21527FFC8C00056E129;
					};
					2201A23527FFC8C40056E129 = {
						CreatedOnToolsVersion = 13.3;
						TestTargetID = 2201A21527FFC8C00056E129;
					};
				};
			};
			buildConfigurationList = 2201A21127FFC8C00056E129 /* Build configuration list for PBXProject "RxSwift_practise" */;
			compatibilityVersion = "Xcode 13.0";
			developmentRegion = en;
			hasScannedForEncodings = 0;
			knownRegions = (
				en,
				Base,
			);
			mainGroup = 2201A20D27FFC8C00056E129;
			productRefGroup = 2201A21727FFC8C00056E129 /* Products */;
			projectDirPath = "";
			projectRoot = "";
			targets = (
				2201A21527FFC8C00056E129 /* RxSwift_practise */,
				2201A22B27FFC8C40056E129 /* RxSwift_practiseTests */,
				2201A23527FFC8C40056E129 /* RxSwift_practiseUITests */,
			);
		};
/* End PBXProject section */

/* Begin PBXResourcesBuildPhase section */
		2201A21427FFC8C00056E129 /* Resources */ = {
			isa = PBXResourcesBuildPhase;
			buildActionMask = 2147483647;
			files = (
				2201A22627FFC8C30056E129 /* LaunchScreen.storyboard in Resources */,
				2201A22327FFC8C30056E129 /* Assets.xcassets in Resources */,
				2201A22127FFC8C00056E129 /* Main.storyboard in Resources */,
			);
			runOnlyForDeploymentPostprocessing = 0;
		};
		2201A22A27FFC8C40056E129 /* Resources */ = {
			isa = PBXResourcesBuildPhase;
			buildActionMask = 2147483647;
			files = (
			);
			runOnlyForDeploymentPostprocessing = 0;
		};
		2201A23427FFC8C40056E129 /* Resources */ = {
			isa = PBXResourcesBuildPhase;
			buildActionMask = 2147483647;
			files = (
			);
			runOnlyForDeploymentPostprocessing = 0;
		};
/* End PBXResourcesBuildPhase section */

/* Begin PBXSourcesBuildPhase section */
		2201A21227FFC8C00056E129 /* Sources */ = {
			isa = PBXSourcesBuildPhase;
			buildActionMask = 2147483647;
			files = (
				2201A21E27FFC8C00056E129 /* ViewController.swift in Sources */,
				2201A21A27FFC8C00056E129 /* AppDelegate.swift in Sources */,
				2201A21C27FFC8C00056E129 /* SceneDelegate.swift in Sources */,
			);
			runOnlyForDeploymentPostprocessing = 0;
		};
		2201A22827FFC8C40056E129 /* Sources */ = {
			isa = PBXSourcesBuildPhase;
			buildActionMask = 2147483647;
			files = (
				2201A23127FFC8C40056E129 /* RxSwift_practiseTests.swift in Sources */,
			);
			runOnlyForDeploymentPostprocessing = 0;
		};
		2201A23227FFC8C40056E129 /* Sources */ = {
			isa = PBXSourcesBuildPhase;
			buildActionMask = 2147483647;
			files = (
				2201A23B27FFC8C40056E129 /* RxSwift_practiseUITests.swift in Sources */,
				2201A23D27FFC8C40056E129 /* RxSwift_practiseUITestsLaunchTests.swift in Sources */,
			);
			runOnlyForDeploymentPostprocessing = 0;
		};
/* End PBXSourcesBuildPhase section */

/* Begin PBXTargetDependency section */
		2201A22E27FFC8C40056E129 /* PBXTargetDependency */ = {
			isa = PBXTargetDependency;
			target = 2201A21527FFC8C00056E129 /* RxSwift_practise */;
			targetProxy = 2201A22D27FFC8C40056E129 /* PBXContainerItemProxy */;
		};
		2201A23827FFC8C40056E129 /* PBXTargetDependency */ = {
			isa = PBXTargetDependency;
			target = 2201A21527FFC8C00056E129 /* RxSwift_practise */;
			targetProxy = 2201A23727FFC8C40056E129 /* PBXContainerItemProxy */;
		};
/* End PBXTargetDependency section */

/* Begin PBXVariantGroup section */
		2201A21F27FFC8C00056E129 /* Main.storyboard */ = {
			isa = PBXVariantGroup;
			children = (
				2201A22027FFC8C00056E129 /* Base */,
			);
			name = Main.storyboard;
			sourceTree = "<group>";
		};
		2201A22427FFC8C30056E129 /* LaunchScreen.storyboard */ = {
			isa = PBXVariantGroup;
			children = (
				2201A22527FFC8C30056E129 /* Base */,
			);
			name = LaunchScreen.storyboard;
			sourceTree = "<group>";
		};
/* End PBXVariantGroup section */

/* Begin XCBuildConfiguration section */
		2201A23E27FFC8C40056E129 /* Debug */ = {
			isa = XCBuildConfiguration;
			buildSettings = {
				ALWAYS_SEARCH_USER_PATHS = NO;
				CLANG_ANALYZER_NONNULL = YES;
				CLANG_ANALYZER_NUMBER_OBJECT_CONVERSION = YES_AGGRESSIVE;
				CLANG_CXX_LANGUAGE_STANDARD = "gnu++17";
				CLANG_ENABLE_MODULES = YES;
				CLANG_ENABLE_OBJC_ARC = YES;
				CLANG_ENABLE_OBJC_WEAK = YES;
				CLANG_WARN_BLOCK_CAPTURE_AUTORELEASING = YES;
				CLANG_WARN_BOOL_CONVERSION = YES;
				CLANG_WARN_COMMA = YES;
				CLANG_WARN_CONSTANT_CONVERSION = YES;
				CLANG_WARN_DEPRECATED_OBJC_IMPLEMENTATIONS = YES;
				CLANG_WARN_DIRECT_OBJC_ISA_USAGE = YES_ERROR;
				CLANG_WARN_DOCUMENTATION_COMMENTS = YES;
				CLANG_WARN_EMPTY_BODY = YES;
				CLANG_WARN_ENUM_CONVERSION = YES;
				CLANG_WARN_INFINITE_RECURSION = YES;
				CLANG_WARN_INT_CONVERSION = YES;
				CLANG_WARN_NON_LITERAL_NULL_CONVERSION = YES;
				CLANG_WARN_OBJC_IMPLICIT_RETAIN_SELF = YES;
				CLANG_WARN_OBJC_LITERAL_CONVERSION = YES;
				CLANG_WARN_OBJC_ROOT_CLASS = YES_ERROR;
				CLANG_WARN_QUOTED_INCLUDE_IN_FRAMEWORK_HEADER = YES;
				CLANG_WARN_RANGE_LOOP_ANALYSIS = YES;
				CLANG_WARN_STRICT_PROTOTYPES = YES;
				CLANG_WARN_SUSPICIOUS_MOVE = YES;
				CLANG_WARN_UNGUARDED_AVAILABILITY = YES_AGGRESSIVE;
				CLANG_WARN_UNREACHABLE_CODE = YES;
				CLANG_WARN__DUPLICATE_METHOD_MATCH = YES;
				COPY_PHASE_STRIP = NO;
				DEBUG_INFORMATION_FORMAT = dwarf;
				ENABLE_STRICT_OBJC_MSGSEND = YES;
				ENABLE_TESTABILITY = YES;
				GCC_C_LANGUAGE_STANDARD = gnu11;
				GCC_DYNAMIC_NO_PIC = NO;
				GCC_NO_COMMON_BLOCKS = YES;
				GCC_OPTIMIZATION_LEVEL = 0;
				GCC_PREPROCESSOR_DEFINITIONS = (
					"DEBUG=1",
					"$(inherited)",
				);
				GCC_WARN_64_TO_32_BIT_CONVERSION = YES;
				GCC_WARN_ABOUT_RETURN_TYPE = YES_ERROR;
				GCC_WARN_UNDECLARED_SELECTOR = YES;
				GCC_WARN_UNINITIALIZED_AUTOS = YES_AGGRESSIVE;
				GCC_WARN_UNUSED_FUNCTION = YES;
				GCC_WARN_UNUSED_VARIABLE = YES;
				IPHONEOS_DEPLOYMENT_TARGET = 15.4;
				MTL_ENABLE_DEBUG_INFO = INCLUDE_SOURCE;
				MTL_FAST_MATH = YES;
				ONLY_ACTIVE_ARCH = YES;
				SDKROOT = iphoneos;
				SWIFT_ACTIVE_COMPILATION_CONDITIONS = DEBUG;
				SWIFT_OPTIMIZATION_LEVEL = "-Onone";
			};
			name = Debug;
		};
		2201A23F27FFC8C40056E129 /* Release */ = {
			isa = XCBuildConfiguration;
			buildSettings = {
				ALWAYS_SEARCH_USER_PATHS = NO;
				CLANG_ANALYZER_NONNULL = YES;
				CLANG_ANALYZER_NUMBER_OBJECT_CONVERSION = YES_AGGRESSIVE;
				CLANG_CXX_LANGUAGE_STANDARD = "gnu++17";
				CLANG_ENABLE_MODULES = YES;
				CLANG_ENABLE_OBJC_ARC = YES;
				CLANG_ENABLE_OBJC_WEAK = YES;
				CLANG_WARN_BLOCK_CAPTURE_AUTORELEASING = YES;
				CLANG_WARN_BOOL_CONVERSION = YES;
				CLANG_WARN_COMMA = YES;
				CLANG_WARN_CONSTANT_CONVERSION = YES;
				CLANG_WARN_DEPRECATED_OBJC_IMPLEMENTATIONS = YES;
				CLANG_WARN_DIRECT_OBJC_ISA_USAGE = YES_ERROR;
				CLANG_WARN_DOCUMENTATION_COMMENTS = YES;
				CLANG_WARN_EMPTY_BODY = YES;
				CLANG_WARN_ENUM_CONVERSION = YES;
				CLANG_WARN_INFINITE_RECURSION = YES;
				CLANG_WARN_INT_CONVERSION = YES;
				CLANG_WARN_NON_LITERAL_NULL_CONVERSION = YES;
				CLANG_WARN_OBJC_IMPLICIT_RETAIN_SELF = YES;
				CLANG_WARN_OBJC_LITERAL_CONVERSION = YES;
				CLANG_WARN_OBJC_ROOT_CLASS = YES_ERROR;
				CLANG_WARN_QUOTED_INCLUDE_IN_FRAMEWORK_HEADER = YES;
				CLANG_WARN_RANGE_LOOP_ANALYSIS = YES;
				CLANG_WARN_STRICT_PROTOTYPES = YES;
				CLANG_WARN_SUSPICIOUS_MOVE = YES;
				CLANG_WARN_UNGUARDED_AVAILABILITY = YES_AGGRESSIVE;
				CLANG_WARN_UNREACHABLE_CODE = YES;
				CLANG_WARN__DUPLICATE_METHOD_MATCH = YES;
				COPY_PHASE_STRIP = NO;
				DEBUG_INFORMATION_FORMAT = "dwarf-with-dsym";
				ENABLE_NS_ASSERTIONS = NO;
				ENABLE_STRICT_OBJC_MSGSEND = YES;
				GCC_C_LANGUAGE_STANDARD = gnu11;
				GCC_NO_COMMON_BLOCKS = YES;
				GCC_WARN_64_TO_32_BIT_CONVERSION = YES;
				GCC_WARN_ABOUT_RETURN_TYPE = YES_ERROR;
				GCC_WARN_UNDECLARED_SELECTOR = YES;
				GCC_WARN_UNINITIALIZED_AUTOS = YES_AGGRESSIVE;
				GCC_WARN_UNUSED_FUNCTION = YES;
				GCC_WARN_UNUSED_VARIABLE = YES;
				IPHONEOS_DEPLOYMENT_TARGET = 15.4;
				MTL_ENABLE_DEBUG_INFO = NO;
				MTL_FAST_MATH = YES;
				SDKROOT = iphoneos;
				SWIFT_COMPILATION_MODE = wholemodule;
				SWIFT_OPTIMIZATION_LEVEL = "-O";
				VALIDATE_PRODUCT = YES;
			};
			name = Release;
		};
		2201A24127FFC8C40056E129 /* Debug */ = {
			isa = XCBuildConfiguration;
			buildSettings = {
				ASSETCATALOG_COMPILER_APPICON_NAME = AppIcon;
				ASSETCATALOG_COMPILER_GLOBAL_ACCENT_COLOR_NAME = AccentColor;
				CODE_SIGN_STYLE = Automatic;
				CURRENT_PROJECT_VERSION = 1;
				DEVELOPMENT_TEAM = E2ZGHA3NG6;
				GENERATE_INFOPLIST_FILE = YES;
				INFOPLIST_FILE = RxSwift_practise/Info.plist;
				INFOPLIST_KEY_UIApplicationSupportsIndirectInputEvents = YES;
				INFOPLIST_KEY_UILaunchStoryboardName = LaunchScreen;
				INFOPLIST_KEY_UIMainStoryboardFile = Main;
				INFOPLIST_KEY_UISupportedInterfaceOrientations_iPad = "UIInterfaceOrientationPortrait UIInterfaceOrientationPortraitUpsideDown UIInterfaceOrientationLandscapeLeft UIInterfaceOrientationLandscapeRight";
				INFOPLIST_KEY_UISupportedInterfaceOrientations_iPhone = "UIInterfaceOrientationPortrait UIInterfaceOrientationLandscapeLeft UIInterfaceOrientationLandscapeRight";
				LD_RUNPATH_SEARCH_PATHS = (
					"$(inherited)",
					"@executable_path/Frameworks",
				);
				MARKETING_VERSION = 1.0;
				PRODUCT_BUNDLE_IDENTIFIER = "com.sam.du.RxSwift-practise";
				PRODUCT_NAME = "$(TARGET_NAME)";
				SWIFT_EMIT_LOC_STRINGS = YES;
				SWIFT_VERSION = 5.0;
				TARGETED_DEVICE_FAMILY = "1,2";
			};
			name = Debug;
		};
		2201A24227FFC8C40056E129 /* Release */ = {
			isa = XCBuildConfiguration;
			buildSettings = {
				ASSETCATALOG_COMPILER_APPICON_NAME = AppIcon;
				ASSETCATALOG_COMPILER_GLOBAL_ACCENT_COLOR_NAME = AccentColor;
				CODE_SIGN_STYLE = Automatic;
				CURRENT_PROJECT_VERSION = 1;
				DEVELOPMENT_TEAM = E2ZGHA3NG6;
				GENERATE_INFOPLIST_FILE = YES;
				INFOPLIST_FILE = RxSwift_practise/Info.plist;
				INFOPLIST_KEY_UIApplicationSupportsIndirectInputEvents = YES;
				INFOPLIST_KEY_UILaunchStoryboardName = LaunchScreen;
				INFOPLIST_KEY_UIMainStoryboardFile = Main;
				INFOPLIST_KEY_UISupportedInterfaceOrientations_iPad = "UIInterfaceOrientationPortrait UIInterfaceOrientationPortraitUpsideDown UIInterfaceOrientationLandscapeLeft UIInterfaceOrientationLandscapeRight";
				INFOPLIST_KEY_UISupportedInterfaceOrientations_iPhone = "UIInterfaceOrientationPortrait UIInterfaceOrientationLandscapeLeft UIInterfaceOrientationLandscapeRight";
				LD_RUNPATH_SEARCH_PATHS = (
					"$(inherited)",
					"@executable_path/Frameworks",
				);
				MARKETING_VERSION = 1.0;
				PRODUCT_BUNDLE_IDENTIFIER = "com.sam.du.RxSwift-practise";
				PRODUCT_NAME = "$(TARGET_NAME)";
				SWIFT_EMIT_LOC_STRINGS = YES;
				SWIFT_VERSION = 5.0;
				TARGETED_DEVICE_FAMILY = "1,2";
			};
			name = Release;
		};
		2201A24427FFC8C40056E129 /* Debug */ = {
			isa = XCBuildConfiguration;
			buildSettings = {
				ALWAYS_EMBED_SWIFT_STANDARD_LIBRARIES = YES;
				BUNDLE_LOADER = "$(TEST_HOST)";
				CODE_SIGN_STYLE = Automatic;
				CURRENT_PROJECT_VERSION = 1;
				DEVELOPMENT_TEAM = E2ZGHA3NG6;
				GENERATE_INFOPLIST_FILE = YES;
				IPHONEOS_DEPLOYMENT_TARGET = 15.4;
				MARKETING_VERSION = 1.0;
				PRODUCT_BUNDLE_IDENTIFIER = "com.sam.du.RxSwift-practiseTests";
				PRODUCT_NAME = "$(TARGET_NAME)";
				SWIFT_EMIT_LOC_STRINGS = NO;
				SWIFT_VERSION = 5.0;
				TARGETED_DEVICE_FAMILY = "1,2";
				TEST_HOST = "$(BUILT_PRODUCTS_DIR)/RxSwift_practise.app/RxSwift_practise";
			};
			name = Debug;
		};
		2201A24527FFC8C40056E129 /* Release */ = {
			isa = XCBuildConfiguration;
			buildSettings = {
				ALWAYS_EMBED_SWIFT_STANDARD_LIBRARIES = YES;
				BUNDLE_LOADER = "$(TEST_HOST)";
				CODE_SIGN_STYLE = Automatic;
				CURRENT_PROJECT_VERSION = 1;
				DEVELOPMENT_TEAM = E2ZGHA3NG6;
				GENERATE_INFOPLIST_FILE = YES;
				IPHONEOS_DEPLOYMENT_TARGET = 15.4;
				MARKETING_VERSION = 1.0;
				PRODUCT_BUNDLE_IDENTIFIER = "com.sam.du.RxSwift-practiseTests";
				PRODUCT_NAME = "$(TARGET_NAME)";
				SWIFT_EMIT_LOC_STRINGS = NO;
				SWIFT_VERSION = 5.0;
				TARGETED_DEVICE_FAMILY = "1,2";
				TEST_HOST = "$(BUILT_PRODUCTS_DIR)/RxSwift_practise.app/RxSwift_practise";
			};
			name = Release;
		};
		2201A24727FFC8C40056E129 /* Debug */ = {
			isa = XCBuildConfiguration;
			buildSettings = {
				ALWAYS_EMBED_SWIFT_STANDARD_LIBRARIES = YES;
				CODE_SIGN_STYLE = Automatic;
				CURRENT_PROJECT_VERSION = 1;
				DEVELOPMENT_TEAM = E2ZGHA3NG6;
				GENERATE_INFOPLIST_FILE = YES;
				MARKETING_VERSION = 1.0;
				PRODUCT_BUNDLE_IDENTIFIER = "com.sam.du.RxSwift-practiseUITests";
				PRODUCT_NAME = "$(TARGET_NAME)";
				SWIFT_EMIT_LOC_STRINGS = NO;
				SWIFT_VERSION = 5.0;
				TARGETED_DEVICE_FAMILY = "1,2";
				TEST_TARGET_NAME = RxSwift_practise;
			};
			name = Debug;
		};
		2201A24827FFC8C40056E129 /* Release */ = {
			isa = XCBuildConfiguration;
			buildSettings = {
				ALWAYS_EMBED_SWIFT_STANDARD_LIBRARIES = YES;
				CODE_SIGN_STYLE = Automatic;
				CURRENT_PROJECT_VERSION = 1;
				DEVELOPMENT_TEAM = E2ZGHA3NG6;
				GENERATE_INFOPLIST_FILE = YES;
				MARKETING_VERSION = 1.0;
				PRODUCT_BUNDLE_IDENTIFIER = "com.sam.du.RxSwift-practiseUITests";
				PRODUCT_NAME = "$(TARGET_NAME)";
				SWIFT_EMIT_LOC_STRINGS = NO;
				SWIFT_VERSION = 5.0;
				TARGETED_DEVICE_FAMILY = "1,2";
				TEST_TARGET_NAME = RxSwift_practise;
			};
			name = Release;
		};
/* End XCBuildConfiguration section */

/* Begin XCConfigurationList section */
		2201A21127FFC8C00056E129 /* Build configuration list for PBXProject "RxSwift_practise" */ = {
			isa = XCConfigurationList;
			buildConfigurations = (
				2201A23E27FFC8C40056E129 /* Debug */,
				2201A23F27FFC8C40056E129 /* Release */,
			);
			defaultConfigurationIsVisible = 0;
			defaultConfigurationName = Release;
		};
		2201A24027FFC8C40056E129 /* Build configuration list for PBXNativeTarget "RxSwift_practise" */ = {
			isa = XCConfigurationList;
			buildConfigurations = (
				2201A24127FFC8C40056E129 /* Debug */,
				2201A24227FFC8C40056E129 /* Release */,
			);
			defaultConfigurationIsVisible = 0;
			defaultConfigurationName = Release;
		};
		2201A24327FFC8C40056E129 /* Build configuration list for PBXNativeTarget "RxSwift_practiseTests" */ = {
			isa = XCConfigurationList;
			buildConfigurations = (
				2201A24427FFC8C40056E129 /* Debug */,
				2201A24527FFC8C40056E129 /* Release */,
			);
			defaultConfigurationIsVisible = 0;
			defaultConfigurationName = Release;
		};
		2201A24627FFC8C40056E129 /* Build configuration list for PBXNativeTarget "RxSwift_practiseUITests" */ = {
			isa = XCConfigurationList;
			buildConfigurations = (
				2201A24727FFC8C40056E129 /* Debug */,
				2201A24827FFC8C40056E129 /* Release */,
			);
			defaultConfigurationIsVisible = 0;
			defaultConfigurationName = Release;
		};
/* End XCConfigurationList section */
	};
	rootObject = 2201A20E27FFC8C00056E129 /* Project object */;
}
