// !$*UTF8*$!
{
	archiveVersion = 1;
	classes = {
	};
	objectVersion = 55;
	objects = {

/* Begin PBXBuildFile section */
		2201A21A27FFC8C00056E129 /* AppDelegate.swift in Sources */ = {isa = PBXBuildFile; fileRef = 2201A21927FFC8C00056E129 /* AppDelegate.swift */; };
		2201A21C27FFC8C00056E129 /* SceneDelegate.swift in Sources */ = {isa = PBXBuildFile; fileRef = 2201A21B27FFC8C00056E129 /* SceneDelegate.swift */; };
		2201A21E27FFC8C00056E129 /* ViewController.swift in Sources */ = {isa = PBXBuildFile; fileRef = 2201A21D27FFC8C00056E129 /* ViewController.swift */; };
		2201A22127FFC8C00056E129 /* Main.storyboard in Resources */ = {isa = PBXBuildFile; fileRef = 2201A21F27FFC8C00056E129 /* Main.storyboard */; };
		2201A22327FFC8C30056E129 /* Assets.xcassets in Resources */ = {isa = PBXBuildFile; fileRef = 2201A22227FFC8C30056E129 /* Assets.xcassets */; };
		2201A22627FFC8C30056E129 /* LaunchScreen.storyboard in Resources */ = {isa = PBXBuildFile; fileRef = 2201A22427FFC8C30056E129 /* LaunchScreen.storyboard */; };
		2201A23127FFC8C40056E129 /* RxSwift_practiseTests.swift in Sources */ = {isa = PBXBuildFile; fileRef = 2201A23027FFC8C40056E129 /* RxSwift_practiseTests.swift */; };
		2201A23B27FFC8C40056E129 /* RxSwift_practiseUITests.swift in Sources */ = {isa = PBXBuildFile; fileRef = 2201A23A27FFC8C40056E129 /* RxSwift_practiseUITests.swift */; };
		2201A23D27FFC8C40056E129 /* RxSwift_practiseUITestsLaunchTests.swift in Sources */ = {isa = PBXBuildFile; fileRef = 2201A23C27FFC8C40056E129 /* RxSwift_practiseUITestsLaunchTests.swift */; };
		2201A24C27FFCCB70056E129 /* User.swift in Sources */ = {isa = PBXBuildFile; fileRef = 2201A24B27FFCCB70056E129 /* User.swift */; };
		2201A24E27FFCD620056E129 /* UserViewModel.swift in Sources */ = {isa = PBXBuildFile; fileRef = 2201A24D27FFCD620056E129 /* UserViewModel.swift */; };
		4E8C6398E7A5B3729118A6F3 /* Pods_RxSwift_practise_RxSwift_practiseUITests.framework in Frameworks */ = {isa = PBXBuildFile; fileRef = 41D0D0D2E16F5450E1218416 /* Pods_RxSwift_practise_RxSwift_practiseUITests.framework */; };
		5D70FF6EB6586D0DAEC9D230 /* Pods_RxSwift_practiseTests.framework in Frameworks */ = {isa = PBXBuildFile; fileRef = C936B57D2E50682538F49ECB /* Pods_RxSwift_practiseTests.framework */; };
		D17CCAC939D0E5ABB536A99B /* Pods_RxSwift_practise.framework in Frameworks */ = {isa = PBXBuildFile; fileRef = 264E39AD5EC25ACDC2D1AF7C /* Pods_RxSwift_practise.framework */; };
/* End PBXBuildFile section */

/* Begin PBXContainerItemProxy section */
		2201A22D27FFC8C40056E129 /* PBXContainerItemProxy */ = {
			isa = PBXContainerItemProxy;
			containerPortal = 2201A20E27FFC8C00056E129 /* Project object */;
			proxyType = 1;
			remoteGlobalIDString = 2201A21527FFC8C00056E129;
			remoteInfo = RxSwift_practise;
		};
		2201A23727FFC8C40056E129 /* PBXContainerItemProxy */ = {
			isa = PBXContainerItemProxy;
			containerPortal = 2201A20E27FFC8C00056E129 /* Project object */;
			proxyType = 1;
			remoteGlobalIDString = 2201A21527FFC8C00056E129;
			remoteInfo = RxSwift_practise;
		};
/* End PBXContainerItemProxy section */

/* Begin PBXFileReference section */
		065658701D58F8BBE148DDA8 /* Pods-RxSwift_practise-RxSwift_practiseUITests.release.xcconfig */ = {isa = PBXFileReference; includeInIndex = 1; lastKnownFileType = text.xcconfig; name = "Pods-RxSwift_practise-RxSwift_practiseUITests.release.xcconfig"; path = "Target Support Files/Pods-RxSwift_practise-RxSwift_practiseUITests/Pods-RxSwift_practise-RxSwift_practiseUITests.release.xcconfig"; sourceTree = "<group>"; };
		2201A21627FFC8C00056E129 /* RxSwift_practise.app */ = {isa = PBXFileReference; explicitFileType = wrapper.application; includeInIndex = 0; path = RxSwift_practise.app; sourceTree = BUILT_PRODUCTS_DIR; };
		2201A21927FFC8C00056E129 /* AppDelegate.swift */ = {isa = PBXFileReference; lastKnownFileType = sourcecode.swift; path = AppDelegate.swift; sourceTree = "<group>"; };
		2201A21B27FFC8C00056E129 /* SceneDelegate.swift */ = {isa = PBXFileReference; lastKnownFileType = sourcecode.swift; path = SceneDelegate.swift; sourceTree = "<group>"; };
		2201A21D27FFC8C00056E129 /* ViewController.swift */ = {isa = PBXFileReference; lastKnownFileType = sourcecode.swift; path = ViewController.swift; sourceTree = "<group>"; };
		2201A22027FFC8C00056E129 /* Base */ = {isa = PBXFileReference; lastKnownFileType = file.storyboard; name = Base; path = Base.lproj/Main.storyboard; sourceTree = "<group>"; };
		2201A22227FFC8C30056E129 /* Assets.xcassets */ = {isa = PBXFileReference; lastKnownFileType = folder.assetcatalog; path = Assets.xcassets; sourceTree = "<group>"; };
		2201A22527FFC8C30056E129 /* Base */ = {isa = PBXFileReference; lastKnownFileType = file.storyboard; name = Base; path = Base.lproj/LaunchScreen.storyboard; sourceTree = "<group>"; };
		2201A22727FFC8C30056E129 /* Info.plist */ = {isa = PBXFileReference; lastKnownFileType = text.plist.xml; path = Info.plist; sourceTree = "<group>"; };
		2201A22C27FFC8C40056E129 /* RxSwift_practiseTests.xctest */ = {isa = PBXFileReference; explicitFileType = wrapper.cfbundle; includeInIndex = 0; path = RxSwift_practiseTests.xctest; sourceTree = BUILT_PRODUCTS_DIR; };
		2201A23027FFC8C40056E129 /* RxSwift_practiseTests.swift */ = {isa = PBXFileReference; lastKnownFileType = sourcecode.swift; path = RxSwift_practiseTests.swift; sourceTree = "<group>"; };
		2201A23627FFC8C40056E129 /* RxSwift_practiseUITests.xctest */ = {isa = PBXFileReference; explicitFileType = wrapper.cfbundle; includeInIndex = 0; path = RxSwift_practiseUITests.xctest; sourceTree = BUILT_PRODUCTS_DIR; };
		2201A23A27FFC8C40056E129 /* RxSwift_practiseUITests.swift */ = {isa = PBXFileReference; lastKnownFileType = sourcecode.swift; path = RxSwift_practiseUITests.swift; sourceTree = "<group>"; };
		2201A23C27FFC8C40056E129 /* RxSwift_practiseUITestsLaunchTests.swift */ = {isa = PBXFileReference; lastKnownFileType = sourcecode.swift; path = RxSwift_practiseUITestsLaunchTests.swift; sourceTree = "<group>"; };
		2201A24B27FFCCB70056E129 /* User.swift */ = {isa = PBXFileReference; lastKnownFileType = sourcecode.swift; path = User.swift; sourceTree = "<group>"; };
		2201A24D27FFCD620056E129 /* UserViewModel.swift */ = {isa = PBXFileReference; lastKnownFileType = sourcecode.swift; path = UserViewModel.swift; sourceTree = "<group>"; };
		264E39AD5EC25ACDC2D1AF7C /* Pods_RxSwift_practise.framework */ = {isa = PBXFileReference; explicitFileType = wrapper.framework; includeInIndex = 0; path = Pods_RxSwift_practise.framework; sourceTree = BUILT_PRODUCTS_DIR; };
		2C48E8C8E13F00DA2D0DB780 /* Pods-RxSwift_practise.release.xcconfig */ = {isa = PBXFileReference; includeInIndex = 1; lastKnownFileType = text.xcconfig; name = "Pods-RxSwift_practise.release.xcconfig"; path = "Target Support Files/Pods-RxSwift_practise/Pods-RxSwift_practise.release.xcconfig"; sourceTree = "<group>"; };
		41D0D0D2E16F5450E1218416 /* Pods_RxSwift_practise_RxSwift_practiseUITests.framework */ = {isa = PBXFileReference; explicitFileType = wrapper.framework; includeInIndex = 0; path = Pods_RxSwift_practise_RxSwift_practiseUITests.framework; sourceTree = BUILT_PRODUCTS_DIR; };
		4F8E314AF74448A9ECECE0AB /* Pods-RxSwift_practiseTests.debug.xcconfig */ = {isa = PBXFileReference; includeInIndex = 1; lastKnownFileType = text.xcconfig; name = "Pods-RxSwift_practiseTests.debug.xcconfig"; path = "Target Support Files/Pods-RxSwift_practiseTests/Pods-RxSwift_practiseTests.debug.xcconfig"; sourceTree = "<group>"; };
		57F8A07E4BBB42D981EAC748 /* Pods-RxSwift_practise.debug.xcconfig */ = {isa = PBXFileReference; includeInIndex = 1; lastKnownFileType = text.xcconfig; name = "Pods-RxSwift_practise.debug.xcconfig"; path = "Target Support Files/Pods-RxSwift_practise/Pods-RxSwift_practise.debug.xcconfig"; sourceTree = "<group>"; };
		C936B57D2E50682538F49ECB /* Pods_RxSwift_practiseTests.framework */ = {isa = PBXFileReference; explicitFileType = wrapper.framework; includeInIndex = 0; path = Pods_RxSwift_practiseTests.framework; sourceTree = BUILT_PRODUCTS_DIR; };
		E575341A02616670CF74436D /* Pods-RxSwift_practise-RxSwift_practiseUITests.debug.xcconfig */ = {isa = PBXFileReference; includeInIndex = 1; lastKnownFileType = text.xcconfig; name = "Pods-RxSwift_practise-RxSwift_practiseUITests.debug.xcconfig"; path = "Target Support Files/Pods-RxSwift_practise-RxSwift_practiseUITests/Pods-RxSwift_practise-RxSwift_practiseUITests.debug.xcconfig"; sourceTree = "<group>"; };
		E9821A836C52E8AD31874F38 /* Pods-RxSwift_practiseTests.release.xcconfig */ = {isa = PBXFileReference; includeInIndex = 1; lastKnownFileType = text.xcconfig; name = "Pods-RxSwift_practiseTests.release.xcconfig"; path = "Target Support Files/Pods-RxSwift_practiseTests/Pods-RxSwift_practiseTests.release.xcconfig"; sourceTree = "<group>"; };
/* End PBXFileReference section */

/* Begin PBXFrameworksBuildPhase section */
		2201A21327FFC8C00056E129 /* Frameworks */ = {
			isa = PBXFrameworksBuildPhase;
			buildActionMask = 2147483647;
			files = (
				D17CCAC939D0E5ABB536A99B /* Pods_RxSwift_practise.framework in Frameworks */,
			);
			runOnlyForDeploymentPostprocessing = 0;
		};
		2201A22927FFC8C40056E129 /* Frameworks */ = {
			isa = PBXFrameworksBuildPhase;
			buildActionMask = 2147483647;
			files = (
				5D70FF6EB6586D0DAEC9D230 /* Pods_RxSwift_practiseTests.framework in Frameworks */,
			);
			runOnlyForDeploymentPostprocessing = 0;
		};
		2201A23327FFC8C40056E129 /* Frameworks */ = {
			isa = PBXFrameworksBuildPhase;
			buildActionMask = 2147483647;
			files = (
				4E8C6398E7A5B3729118A6F3 /* Pods_RxSwift_practise_RxSwift_practiseUITests.framework in Frameworks */,
			);
			runOnlyForDeploymentPostprocessing = 0;
		};
/* End PBXFrameworksBuildPhase section */

/* Begin PBXGroup section */
		021F72F6B2420DB33007AE15 /* Pods */ = {
			isa = PBXGroup;
			children = (
				57F8A07E4BBB42D981EAC748 /* Pods-RxSwift_practise.debug.xcconfig */,
				2C48E8C8E13F00DA2D0DB780 /* Pods-RxSwift_practise.release.xcconfig */,
				E575341A02616670CF74436D /* Pods-RxSwift_practise-RxSwift_practiseUITests.debug.xcconfig */,
				065658701D58F8BBE148DDA8 /* Pods-RxSwift_practise-RxSwift_practiseUITests.release.xcconfig */,
				4F8E314AF74448A9ECECE0AB /* Pods-RxSwift_practiseTests.debug.xcconfig */,
				E9821A836C52E8AD31874F38 /* Pods-RxSwift_practiseTests.release.xcconfig */,
			);
			path = Pods;
			sourceTree = "<group>";
		};
		2201A20D27FFC8C00056E129 = {
			isa = PBXGroup;
			children = (
				2201A21827FFC8C00056E129 /* RxSwift_practise */,
				2201A22F27FFC8C40056E129 /* RxSwift_practiseTests */,
				2201A23927FFC8C40056E129 /* RxSwift_practiseUITests */,
				2201A21727FFC8C00056E129 /* Products */,
				021F72F6B2420DB33007AE15 /* Pods */,
				529BBC20CD3BE44E29790DBF /* Frameworks */,
			);
			sourceTree = "<group>";
		};
		2201A21727FFC8C00056E129 /* Products */ = {
			isa = PBXGroup;
			children = (
				2201A21627FFC8C00056E129 /* RxSwift_practise.app */,
				2201A22C27FFC8C40056E129 /* RxSwift_practiseTests.xctest */,
				2201A23627FFC8C40056E129 /* RxSwift_practiseUITests.xctest */,
			);
			name = Products;
			sourceTree = "<group>";
		};
		2201A21827FFC8C00056E129 /* RxSwift_practise */ = {
			isa = PBXGroup;
			children = (
				2201A24A27FFCC9D0056E129 /* ViewModel */,
				2201A24927FFCC930056E129 /* Model */,
				2201A21927FFC8C00056E129 /* AppDelegate.swift */,
				2201A21B27FFC8C00056E129 /* SceneDelegate.swift */,
				2201A21D27FFC8C00056E129 /* ViewController.swift */,
				2201A21F27FFC8C00056E129 /* Main.storyboard */,
				2201A22227FFC8C30056E129 /* Assets.xcassets */,
				2201A22427FFC8C30056E129 /* LaunchScreen.storyboard */,
				2201A22727FFC8C30056E129 /* Info.plist */,
			);
			path = RxSwift_practise;
			sourceTree = "<group>";
		};
		2201A22F27FFC8C40056E129 /* RxSwift_practiseTests */ = {
			isa = PBXGroup;
			children = (
				2201A23027FFC8C40056E129 /* RxSwift_practiseTests.swift */,
			);
			path = RxSwift_practiseTests;
			sourceTree = "<group>";
		};
		2201A23927FFC8C40056E129 /* RxSwift_practiseUITests */ = {
			isa = PBXGroup;
			children = (
				2201A23A27FFC8C40056E129 /* RxSwift_practiseUITests.swift */,
				2201A23C27FFC8C40056E129 /* RxSwift_practiseUITestsLaunchTests.swift */,
			);
			path = RxSwift_practiseUITests;
			sourceTree = "<group>";
		};
		2201A24927FFCC930056E129 /* Model */ = {
			isa = PBXGroup;
			children = (
				2201A24B27FFCCB70056E129 /* User.swift */,
			);
			path = Model;
			sourceTree = "<group>";
		};
		2201A24A27FFCC9D0056E129 /* ViewModel */ = {
			isa = PBXGroup;
			children = (
				2201A24D27FFCD620056E129 /* UserViewModel.swift */,
			);
			path = ViewModel;
			sourceTree = "<group>";
		};
		529BBC20CD3BE44E29790DBF /* Frameworks */ = {
			isa = PBXGroup;
			children = (
				264E39AD5EC25ACDC2D1AF7C /* Pods_RxSwift_practise.framework */,
				41D0D0D2E16F5450E1218416 /* Pods_RxSwift_practise_RxSwift_practiseUITests.framework */,
				C936B57D2E50682538F49ECB /* Pods_RxSwift_practiseTests.framework */,
			);
			name = Frameworks;
			sourceTree = "<group>";
		};
/* End PBXGroup section */

/* Begin PBXNativeTarget section */
		2201A21527FFC8C00056E129 /* RxSwift_practise */ = {
			isa = PBXNativeTarget;
			buildConfigurationList = 2201A24027FFC8C40056E129 /* Build configuration list for PBXNativeTarget "RxSwift_practise" */;
			buildPhases = (
				6EEADE1DAEDEF4905FB2C3B6 /* [CP] Check Pods Manifest.lock */,
				2201A21227FFC8C00056E129 /* Sources */,
				2201A21327FFC8C00056E129 /* Frameworks */,
				2201A21427FFC8C00056E129 /* Resources */,
				62A5F4E26384E07F8612AB34 /* [CP] Embed Pods Frameworks */,
			);
			buildRules = (
			);
			dependencies = (
			);
			name = RxSwift_practise;
			productName = RxSwift_practise;
			productReference = 2201A21627FFC8C00056E129 /* RxSwift_practise.app */;
			productType = "com.apple.product-type.application";
		};
		2201A22B27FFC8C40056E129 /* RxSwift_practiseTests */ = {
			isa = PBXNativeTarget;
			buildConfigurationList = 2201A24327FFC8C40056E129 /* Build configuration list for PBXNativeTarget "RxSwift_practiseTests" */;
			buildPhases = (
				77B369055202801AABD2092B /* [CP] Check Pods Manifest.lock */,
				2201A22827FFC8C40056E129 /* Sources */,
				2201A22927FFC8C40056E129 /* Frameworks */,
				2201A22A27FFC8C40056E129 /* Resources */,
			);
			buildRules = (
			);
			dependencies = (
				2201A22E27FFC8C40056E129 /* PBXTargetDependency */,
			);
			name = RxSwift_practiseTests;
			productName = RxSwift_practiseTests;
			productReference = 2201A22C27FFC8C40056E129 /* RxSwift_practiseTests.xctest */;
			productType = "com.apple.product-type.bundle.unit-test";
		};
		2201A23527FFC8C40056E129 /* RxSwift_practiseUITests */ = {
			isa = PBXNativeTarget;
			buildConfigurationList = 2201A24627FFC8C40056E129 /* Build configuration list for PBXNativeTarget "RxSwift_practiseUITests" */;
			buildPhases = (
				5912A5ACBC77934A6590852C /* [CP] Check Pods Manifest.lock */,
				2201A23227FFC8C40056E129 /* Sources */,
				2201A23327FFC8C40056E129 /* Frameworks */,
				2201A23427FFC8C40056E129 /* Resources */,
				44F5A491107B7B2FB417CC1C /* [CP] Embed Pods Frameworks */,
			);
			buildRules = (
			);
			dependencies = (
				2201A23827FFC8C40056E129 /* PBXTargetDependency */,
			);
			name = RxSwift_practiseUITests;
			productName = RxSwift_practiseUITests;
			productReference = 2201A23627FFC8C40056E129 /* RxSwift_practiseUITests.xctest */;
			productType = "com.apple.product-type.bundle.ui-testing";
		};
/* End PBXNativeTarget section */

/* Begin PBXProject section */
		2201A20E27FFC8C00056E129 /* Project object */ = {
			isa = PBXProject;
			attributes = {
				BuildIndependentTargetsInParallel = 1;
				LastSwiftUpdateCheck = 1330;
				LastUpgradeCheck = 1330;
				TargetAttributes = {
					2201A21527FFC8C00056E129 = {
						CreatedOnToolsVersion = 13.3;
					};
					2201A22B27FFC8C40056E129 = {
						CreatedOnToolsVersion = 13.3;
						TestTargetID = 2201A21527FFC8C00056E129;
					};
					2201A23527FFC8C40056E129 = {
						CreatedOnToolsVersion = 13.3;
						TestTargetID = 2201A21527FFC8C00056E129;
					};
				};
			};
			buildConfigurationList = 2201A21127FFC8C00056E129 /* Build configuration list for PBXProject "RxSwift_practise" */;
			compatibilityVersion = "Xcode 13.0";
			developmentRegion = en;
			hasScannedForEncodings = 0;
			knownRegions = (
				en,
				Base,
			);
			mainGroup = 2201A20D27FFC8C00056E129;
			productRefGroup = 2201A21727FFC8C00056E129 /* Products */;
			projectDirPath = "";
			projectRoot = "";
			targets = (
				2201A21527FFC8C00056E129 /* RxSwift_practise */,
				2201A22B27FFC8C40056E129 /* RxSwift_practiseTests */,
				2201A23527FFC8C40056E129 /* RxSwift_practiseUITests */,
			);
		};
/* End PBXProject section */

/* Begin PBXResourcesBuildPhase section */
		2201A21427FFC8C00056E129 /* Resources */ = {
			isa = PBXResourcesBuildPhase;
			buildActionMask = 2147483647;
			files = (
				2201A22627FFC8C30056E129 /* LaunchScreen.storyboard in Resources */,
				2201A22327FFC8C30056E129 /* Assets.xcassets in Resources */,
				2201A22127FFC8C00056E129 /* Main.storyboard in Resources */,
			);
			runOnlyForDeploymentPostprocessing = 0;
		};
		2201A22A27FFC8C40056E129 /* Resources */ = {
			isa = PBXResourcesBuildPhase;
			buildActionMask = 2147483647;
			files = (
			);
			runOnlyForDeploymentPostprocessing = 0;
		};
		2201A23427FFC8C40056E129 /* Resources */ = {
			isa = PBXResourcesBuildPhase;
			buildActionMask = 2147483647;
			files = (
			);
			runOnlyForDeploymentPostprocessing = 0;
		};
/* End PBXResourcesBuildPhase section */

/* Begin PBXShellScriptBuildPhase section */
		44F5A491107B7B2FB417CC1C /* [CP] Embed Pods Frameworks */ = {
			isa = PBXShellScriptBuildPhase;
			buildActionMask = 2147483647;
			files = (
			);
			inputFileListPaths = (
				"${PODS_ROOT}/Target Support Files/Pods-RxSwift_practise-RxSwift_practiseUITests/Pods-RxSwift_practise-RxSwift_practiseUITests-frameworks-${CONFIGURATION}-input-files.xcfilelist",
			);
			name = "[CP] Embed Pods Frameworks";
			outputFileListPaths = (
				"${PODS_ROOT}/Target Support Files/Pods-RxSwift_practise-RxSwift_practiseUITests/Pods-RxSwift_practise-RxSwift_practiseUITests-frameworks-${CONFIGURATION}-output-files.xcfilelist",
			);
			runOnlyForDeploymentPostprocessing = 0;
			shellPath = /bin/sh;
			shellScript = "\"${PODS_ROOT}/Target Support Files/Pods-RxSwift_practise-RxSwift_practiseUITests/Pods-RxSwift_practise-RxSwift_practiseUITests-frameworks.sh\"\n";
			showEnvVarsInLog = 0;
		};
		5912A5ACBC77934A6590852C /* [CP] Check Pods Manifest.lock */ = {
			isa = PBXShellScriptBuildPhase;
			buildActionMask = 2147483647;
			files = (
			);
			inputFileListPaths = (
			);
			inputPaths = (
				"${PODS_PODFILE_DIR_PATH}/Podfile.lock",
				"${PODS_ROOT}/Manifest.lock",
			);
			name = "[CP] Check Pods Manifest.lock";
			outputFileListPaths = (
			);
			outputPaths = (
				"$(DERIVED_FILE_DIR)/Pods-RxSwift_practise-RxSwift_practiseUITests-checkManifestLockResult.txt",
			);
			runOnlyForDeploymentPostprocessing = 0;
			shellPath = /bin/sh;
			shellScript = "diff \"${PODS_PODFILE_DIR_PATH}/Podfile.lock\" \"${PODS_ROOT}/Manifest.lock\" > /dev/null\nif [ $? != 0 ] ; then\n    # print error to STDERR\n    echo \"error: The sandbox is not in sync with the Podfile.lock. Run 'pod install' or update your CocoaPods installation.\" >&2\n    exit 1\nfi\n# This output is used by Xcode 'outputs' to avoid re-running this script phase.\necho \"SUCCESS\" > \"${SCRIPT_OUTPUT_FILE_0}\"\n";
			showEnvVarsInLog = 0;
		};
		62A5F4E26384E07F8612AB34 /* [CP] Embed Pods Frameworks */ = {
			isa = PBXShellScriptBuildPhase;
			buildActionMask = 2147483647;
			files = (
			);
			inputFileListPaths = (
				"${PODS_ROOT}/Target Support Files/Pods-RxSwift_practise/Pods-RxSwift_practise-frameworks-${CONFIGURATION}-input-files.xcfilelist",
			);
			name = "[CP] Embed Pods Frameworks";
			outputFileListPaths = (
				"${PODS_ROOT}/Target Support Files/Pods-RxSwift_practise/Pods-RxSwift_practise-frameworks-${CONFIGURATION}-output-files.xcfilelist",
			);
			runOnlyForDeploymentPostprocessing = 0;
			shellPath = /bin/sh;
			shellScript = "\"${PODS_ROOT}/Target Support Files/Pods-RxSwift_practise/Pods-RxSwift_practise-frameworks.sh\"\n";
			showEnvVarsInLog = 0;
		};
		6EEADE1DAEDEF4905FB2C3B6 /* [CP] Check Pods Manifest.lock */ = {
			isa = PBXShellScriptBuildPhase;
			buildActionMask = 2147483647;
			files = (
			);
			inputFileListPaths = (
			);
			inputPaths = (
				"${PODS_PODFILE_DIR_PATH}/Podfile.lock",
				"${PODS_ROOT}/Manifest.lock",
			);
			name = "[CP] Check Pods Manifest.lock";
			outputFileListPaths = (
			);
			outputPaths = (
				"$(DERIVED_FILE_DIR)/Pods-RxSwift_practise-checkManifestLockResult.txt",
			);
			runOnlyForDeploymentPostprocessing = 0;
			shellPath = /bin/sh;
			shellScript = "diff \"${PODS_PODFILE_DIR_PATH}/Podfile.lock\" \"${PODS_ROOT}/Manifest.lock\" > /dev/null\nif [ $? != 0 ] ; then\n    # print error to STDERR\n    echo \"error: The sandbox is not in sync with the Podfile.lock. Run 'pod install' or update your CocoaPods installation.\" >&2\n    exit 1\nfi\n# This output is used by Xcode 'outputs' to avoid re-running this script phase.\necho \"SUCCESS\" > \"${SCRIPT_OUTPUT_FILE_0}\"\n";
			showEnvVarsInLog = 0;
		};
		77B369055202801AABD2092B /* [CP] Check Pods Manifest.lock */ = {
			isa = PBXShellScriptBuildPhase;
			buildActionMask = 2147483647;
			files = (
			);
			inputFileListPaths = (
			);
			inputPaths = (
				"${PODS_PODFILE_DIR_PATH}/Podfile.lock",
				"${PODS_ROOT}/Manifest.lock",
			);
			name = "[CP] Check Pods Manifest.lock";
			outputFileListPaths = (
			);
			outputPaths = (
				"$(DERIVED_FILE_DIR)/Pods-RxSwift_practiseTests-checkManifestLockResult.txt",
			);
			runOnlyForDeploymentPostprocessing = 0;
			shellPath = /bin/sh;
			shellScript = "diff \"${PODS_PODFILE_DIR_PATH}/Podfile.lock\" \"${PODS_ROOT}/Manifest.lock\" > /dev/null\nif [ $? != 0 ] ; then\n    # print error to STDERR\n    echo \"error: The sandbox is not in sync with the Podfile.lock. Run 'pod install' or update your CocoaPods installation.\" >&2\n    exit 1\nfi\n# This output is used by Xcode 'outputs' to avoid re-running this script phase.\necho \"SUCCESS\" > \"${SCRIPT_OUTPUT_FILE_0}\"\n";
			showEnvVarsInLog = 0;
		};
/* End PBXShellScriptBuildPhase section */

/* Begin PBXSourcesBuildPhase section */
		2201A21227FFC8C00056E129 /* Sources */ = {
			isa = PBXSourcesBuildPhase;
			buildActionMask = 2147483647;
			files = (
				2201A24C27FFCCB70056E129 /* User.swift in Sources */,
				2201A21E27FFC8C00056E129 /* ViewController.swift in Sources */,
				2201A21A27FFC8C00056E129 /* AppDelegate.swift in Sources */,
				2201A24E27FFCD620056E129 /* UserViewModel.swift in Sources */,
				2201A21C27FFC8C00056E129 /* SceneDelegate.swift in Sources */,
			);
			runOnlyForDeploymentPostprocessing = 0;
		};
		2201A22827FFC8C40056E129 /* Sources */ = {
			isa = PBXSourcesBuildPhase;
			buildActionMask = 2147483647;
			files = (
				2201A23127FFC8C40056E129 /* RxSwift_practiseTests.swift in Sources */,
			);
			runOnlyForDeploymentPostprocessing = 0;
		};
		2201A23227FFC8C40056E129 /* Sources */ = {
			isa = PBXSourcesBuildPhase;
			buildActionMask = 2147483647;
			files = (
				2201A23B27FFC8C40056E129 /* RxSwift_practiseUITests.swift in Sources */,
				2201A23D27FFC8C40056E129 /* RxSwift_practiseUITestsLaunchTests.swift in Sources */,
			);
			runOnlyForDeploymentPostprocessing = 0;
		};
/* End PBXSourcesBuildPhase section */

/* Begin PBXTargetDependency section */
		2201A22E27FFC8C40056E129 /* PBXTargetDependency */ = {
			isa = PBXTargetDependency;
			target = 2201A21527FFC8C00056E129 /* RxSwift_practise */;
			targetProxy = 2201A22D27FFC8C40056E129 /* PBXContainerItemProxy */;
		};
		2201A23827FFC8C40056E129 /* PBXTargetDependency */ = {
			isa = PBXTargetDependency;
			target = 2201A21527FFC8C00056E129 /* RxSwift_practise */;
			targetProxy = 2201A23727FFC8C40056E129 /* PBXContainerItemProxy */;
		};
/* End PBXTargetDependency section */

/* Begin PBXVariantGroup section */
		2201A21F27FFC8C00056E129 /* Main.storyboard */ = {
			isa = PBXVariantGroup;
			children = (
				2201A22027FFC8C00056E129 /* Base */,
			);
			name = Main.storyboard;
			sourceTree = "<group>";
		};
		2201A22427FFC8C30056E129 /* LaunchScreen.storyboard */ = {
			isa = PBXVariantGroup;
			children = (
				2201A22527FFC8C30056E129 /* Base */,
			);
			name = LaunchScreen.storyboard;
			sourceTree = "<group>";
		};
/* End PBXVariantGroup section */

/* Begin XCBuildConfiguration section */
		2201A23E27FFC8C40056E129 /* Debug */ = {
			isa = XCBuildConfiguration;
			buildSettings = {
				ALWAYS_SEARCH_USER_PATHS = NO;
				CLANG_ANALYZER_NONNULL = YES;
				CLANG_ANALYZER_NUMBER_OBJECT_CONVERSION = YES_AGGRESSIVE;
				CLANG_CXX_LANGUAGE_STANDARD = "gnu++17";
				CLANG_ENABLE_MODULES = YES;
				CLANG_ENABLE_OBJC_ARC = YES;
				CLANG_ENABLE_OBJC_WEAK = YES;
				CLANG_WARN_BLOCK_CAPTURE_AUTORELEASING = YES;
				CLANG_WARN_BOOL_CONVERSION = YES;
				CLANG_WARN_COMMA = YES;
				CLANG_WARN_CONSTANT_CONVERSION = YES;
				CLANG_WARN_DEPRECATED_OBJC_IMPLEMENTATIONS = YES;
				CLANG_WARN_DIRECT_OBJC_ISA_USAGE = YES_ERROR;
				CLANG_WARN_DOCUMENTATION_COMMENTS = YES;
				CLANG_WARN_EMPTY_BODY = YES;
				CLANG_WARN_ENUM_CONVERSION = YES;
				CLANG_WARN_INFINITE_RECURSION = YES;
				CLANG_WARN_INT_CONVERSION = YES;
				CLANG_WARN_NON_LITERAL_NULL_CONVERSION = YES;
				CLANG_WARN_OBJC_IMPLICIT_RETAIN_SELF = YES;
				CLANG_WARN_OBJC_LITERAL_CONVERSION = YES;
				CLANG_WARN_OBJC_ROOT_CLASS = YES_ERROR;
				CLANG_WARN_QUOTED_INCLUDE_IN_FRAMEWORK_HEADER = YES;
				CLANG_WARN_RANGE_LOOP_ANALYSIS = YES;
				CLANG_WARN_STRICT_PROTOTYPES = YES;
				CLANG_WARN_SUSPICIOUS_MOVE = YES;
				CLANG_WARN_UNGUARDED_AVAILABILITY = YES_AGGRESSIVE;
				CLANG_WARN_UNREACHABLE_CODE = YES;
				CLANG_WARN__DUPLICATE_METHOD_MATCH = YES;
				COPY_PHASE_STRIP = NO;
				DEBUG_INFORMATION_FORMAT = dwarf;
				ENABLE_STRICT_OBJC_MSGSEND = YES;
				ENABLE_TESTABILITY = YES;
				GCC_C_LANGUAGE_STANDARD = gnu11;
				GCC_DYNAMIC_NO_PIC = NO;
				GCC_NO_COMMON_BLOCKS = YES;
				GCC_OPTIMIZATION_LEVEL = 0;
				GCC_PREPROCESSOR_DEFINITIONS = (
					"DEBUG=1",
					"$(inherited)",
				);
				GCC_WARN_64_TO_32_BIT_CONVERSION = YES;
				GCC_WARN_ABOUT_RETURN_TYPE = YES_ERROR;
				GCC_WARN_UNDECLARED_SELECTOR = YES;
				GCC_WARN_UNINITIALIZED_AUTOS = YES_AGGRESSIVE;
				GCC_WARN_UNUSED_FUNCTION = YES;
				GCC_WARN_UNUSED_VARIABLE = YES;
				IPHONEOS_DEPLOYMENT_TARGET = 15.4;
				MTL_ENABLE_DEBUG_INFO = INCLUDE_SOURCE;
				MTL_FAST_MATH = YES;
				ONLY_ACTIVE_ARCH = YES;
				SDKROOT = iphoneos;
				SWIFT_ACTIVE_COMPILATION_CONDITIONS = DEBUG;
				SWIFT_OPTIMIZATION_LEVEL = "-Onone";
			};
			name = Debug;
		};
		2201A23F27FFC8C40056E129 /* Release */ = {
			isa = XCBuildConfiguration;
			buildSettings = {
				ALWAYS_SEARCH_USER_PATHS = NO;
				CLANG_ANALYZER_NONNULL = YES;
				CLANG_ANALYZER_NUMBER_OBJECT_CONVERSION = YES_AGGRESSIVE;
				CLANG_CXX_LANGUAGE_STANDARD = "gnu++17";
				CLANG_ENABLE_MODULES = YES;
				CLANG_ENABLE_OBJC_ARC = YES;
				CLANG_ENABLE_OBJC_WEAK = YES;
				CLANG_WARN_BLOCK_CAPTURE_AUTORELEASING = YES;
				CLANG_WARN_BOOL_CONVERSION = YES;
				CLANG_WARN_COMMA = YES;
				CLANG_WARN_CONSTANT_CONVERSION = YES;
				CLANG_WARN_DEPRECATED_OBJC_IMPLEMENTATIONS = YES;
				CLANG_WARN_DIRECT_OBJC_ISA_USAGE = YES_ERROR;
				CLANG_WARN_DOCUMENTATION_COMMENTS = YES;
				CLANG_WARN_EMPTY_BODY = YES;
				CLANG_WARN_ENUM_CONVERSION = YES;
				CLANG_WARN_INFINITE_RECURSION = YES;
				CLANG_WARN_INT_CONVERSION = YES;
				CLANG_WARN_NON_LITERAL_NULL_CONVERSION = YES;
				CLANG_WARN_OBJC_IMPLICIT_RETAIN_SELF = YES;
				CLANG_WARN_OBJC_LITERAL_CONVERSION = YES;
				CLANG_WARN_OBJC_ROOT_CLASS = YES_ERROR;
				CLANG_WARN_QUOTED_INCLUDE_IN_FRAMEWORK_HEADER = YES;
				CLANG_WARN_RANGE_LOOP_ANALYSIS = YES;
				CLANG_WARN_STRICT_PROTOTYPES = YES;
				CLANG_WARN_SUSPICIOUS_MOVE = YES;
				CLANG_WARN_UNGUARDED_AVAILABILITY = YES_AGGRESSIVE;
				CLANG_WARN_UNREACHABLE_CODE = YES;
				CLANG_WARN__DUPLICATE_METHOD_MATCH = YES;
				COPY_PHASE_STRIP = NO;
				DEBUG_INFORMATION_FORMAT = "dwarf-with-dsym";
				ENABLE_NS_ASSERTIONS = NO;
				ENABLE_STRICT_OBJC_MSGSEND = YES;
				GCC_C_LANGUAGE_STANDARD = gnu11;
				GCC_NO_COMMON_BLOCKS = YES;
				GCC_WARN_64_TO_32_BIT_CONVERSION = YES;
				GCC_WARN_ABOUT_RETURN_TYPE = YES_ERROR;
				GCC_WARN_UNDECLARED_SELECTOR = YES;
				GCC_WARN_UNINITIALIZED_AUTOS = YES_AGGRESSIVE;
				GCC_WARN_UNUSED_FUNCTION = YES;
				GCC_WARN_UNUSED_VARIABLE = YES;
				IPHONEOS_DEPLOYMENT_TARGET = 15.4;
				MTL_ENABLE_DEBUG_INFO = NO;
				MTL_FAST_MATH = YES;
				SDKROOT = iphoneos;
				SWIFT_COMPILATION_MODE = wholemodule;
				SWIFT_OPTIMIZATION_LEVEL = "-O";
				VALIDATE_PRODUCT = YES;
			};
			name = Release;
		};
		2201A24127FFC8C40056E129 /* Debug */ = {
			isa = XCBuildConfiguration;
			baseConfigurationReference = 57F8A07E4BBB42D981EAC748 /* Pods-RxSwift_practise.debug.xcconfig */;
			buildSettings = {
				ASSETCATALOG_COMPILER_APPICON_NAME = AppIcon;
				ASSETCATALOG_COMPILER_GLOBAL_ACCENT_COLOR_NAME = AccentColor;
				CODE_SIGN_STYLE = Automatic;
				CURRENT_PROJECT_VERSION = 1;
				DEVELOPMENT_TEAM = E2ZGHA3NG6;
				GENERATE_INFOPLIST_FILE = YES;
				INFOPLIST_FILE = RxSwift_practise/Info.plist;
				INFOPLIST_KEY_UIApplicationSupportsIndirectInputEvents = YES;
				INFOPLIST_KEY_UILaunchStoryboardName = LaunchScreen;
				INFOPLIST_KEY_UIMainStoryboardFile = Main;
				INFOPLIST_KEY_UISupportedInterfaceOrientations_iPad = "UIInterfaceOrientationPortrait UIInterfaceOrientationPortraitUpsideDown UIInterfaceOrientationLandscapeLeft UIInterfaceOrientationLandscapeRight";
				INFOPLIST_KEY_UISupportedInterfaceOrientations_iPhone = "UIInterfaceOrientationPortrait UIInterfaceOrientationLandscapeLeft UIInterfaceOrientationLandscapeRight";
				LD_RUNPATH_SEARCH_PATHS = (
					"$(inherited)",
					"@executable_path/Frameworks",
				);
				MARKETING_VERSION = 1.0;
				PRODUCT_BUNDLE_IDENTIFIER = "com.sam.du.RxSwift-practise";
				PRODUCT_NAME = "$(TARGET_NAME)";
				SWIFT_EMIT_LOC_STRINGS = YES;
				SWIFT_VERSION = 5.0;
				TARGETED_DEVICE_FAMILY = "1,2";
			};
			name = Debug;
		};
		2201A24227FFC8C40056E129 /* Release */ = {
			isa = XCBuildConfiguration;
			baseConfigurationReference = 2C48E8C8E13F00DA2D0DB780 /* Pods-RxSwift_practise.release.xcconfig */;
			buildSettings = {
				ASSETCATALOG_COMPILER_APPICON_NAME = AppIcon;
				ASSETCATALOG_COMPILER_GLOBAL_ACCENT_COLOR_NAME = AccentColor;
				CODE_SIGN_STYLE = Automatic;
				CURRENT_PROJECT_VERSION = 1;
				DEVELOPMENT_TEAM = E2ZGHA3NG6;
				GENERATE_INFOPLIST_FILE = YES;
				INFOPLIST_FILE = RxSwift_practise/Info.plist;
				INFOPLIST_KEY_UIApplicationSupportsIndirectInputEvents = YES;
				INFOPLIST_KEY_UILaunchStoryboardName = LaunchScreen;
				INFOPLIST_KEY_UIMainStoryboardFile = Main;
				INFOPLIST_KEY_UISupportedInterfaceOrientations_iPad = "UIInterfaceOrientationPortrait UIInterfaceOrientationPortraitUpsideDown UIInterfaceOrientationLandscapeLeft UIInterfaceOrientationLandscapeRight";
				INFOPLIST_KEY_UISupportedInterfaceOrientations_iPhone = "UIInterfaceOrientationPortrait UIInterfaceOrientationLandscapeLeft UIInterfaceOrientationLandscapeRight";
				LD_RUNPATH_SEARCH_PATHS = (
					"$(inherited)",
					"@executable_path/Frameworks",
				);
				MARKETING_VERSION = 1.0;
				PRODUCT_BUNDLE_IDENTIFIER = "com.sam.du.RxSwift-practise";
				PRODUCT_NAME = "$(TARGET_NAME)";
				SWIFT_EMIT_LOC_STRINGS = YES;
				SWIFT_VERSION = 5.0;
				TARGETED_DEVICE_FAMILY = "1,2";
			};
			name = Release;
		};
		2201A24427FFC8C40056E129 /* Debug */ = {
			isa = XCBuildConfiguration;
			baseConfigurationReference = 4F8E314AF74448A9ECECE0AB /* Pods-RxSwift_practiseTests.debug.xcconfig */;
			buildSettings = {
				ALWAYS_EMBED_SWIFT_STANDARD_LIBRARIES = YES;
				BUNDLE_LOADER = "$(TEST_HOST)";
				CODE_SIGN_STYLE = Automatic;
				CURRENT_PROJECT_VERSION = 1;
				DEVELOPMENT_TEAM = E2ZGHA3NG6;
				GENERATE_INFOPLIST_FILE = YES;
				IPHONEOS_DEPLOYMENT_TARGET = 15.4;
				MARKETING_VERSION = 1.0;
				PRODUCT_BUNDLE_IDENTIFIER = "com.sam.du.RxSwift-practiseTests";
				PRODUCT_NAME = "$(TARGET_NAME)";
				SWIFT_EMIT_LOC_STRINGS = NO;
				SWIFT_VERSION = 5.0;
				TARGETED_DEVICE_FAMILY = "1,2";
				TEST_HOST = "$(BUILT_PRODUCTS_DIR)/RxSwift_practise.app/RxSwift_practise";
			};
			name = Debug;
		};
		2201A24527FFC8C40056E129 /* Release */ = {
			isa = XCBuildConfiguration;
			baseConfigurationReference = E9821A836C52E8AD31874F38 /* Pods-RxSwift_practiseTests.release.xcconfig */;
			buildSettings = {
				ALWAYS_EMBED_SWIFT_STANDARD_LIBRARIES = YES;
				BUNDLE_LOADER = "$(TEST_HOST)";
				CODE_SIGN_STYLE = Automatic;
				CURRENT_PROJECT_VERSION = 1;
				DEVELOPMENT_TEAM = E2ZGHA3NG6;
				GENERATE_INFOPLIST_FILE = YES;
				IPHONEOS_DEPLOYMENT_TARGET = 15.4;
				MARKETING_VERSION = 1.0;
				PRODUCT_BUNDLE_IDENTIFIER = "com.sam.du.RxSwift-practiseTests";
				PRODUCT_NAME = "$(TARGET_NAME)";
				SWIFT_EMIT_LOC_STRINGS = NO;
				SWIFT_VERSION = 5.0;
				TARGETED_DEVICE_FAMILY = "1,2";
				TEST_HOST = "$(BUILT_PRODUCTS_DIR)/RxSwift_practise.app/RxSwift_practise";
			};
			name = Release;
		};
		2201A24727FFC8C40056E129 /* Debug */ = {
			isa = XCBuildConfiguration;
			baseConfigurationReference = E575341A02616670CF74436D /* Pods-RxSwift_practise-RxSwift_practiseUITests.debug.xcconfig */;
			buildSettings = {
				ALWAYS_EMBED_SWIFT_STANDARD_LIBRARIES = YES;
				CODE_SIGN_STYLE = Automatic;
				CURRENT_PROJECT_VERSION = 1;
				DEVELOPMENT_TEAM = E2ZGHA3NG6;
				GENERATE_INFOPLIST_FILE = YES;
				MARKETING_VERSION = 1.0;
				PRODUCT_BUNDLE_IDENTIFIER = "com.sam.du.RxSwift-practiseUITests";
				PRODUCT_NAME = "$(TARGET_NAME)";
				SWIFT_EMIT_LOC_STRINGS = NO;
				SWIFT_VERSION = 5.0;
				TARGETED_DEVICE_FAMILY = "1,2";
				TEST_TARGET_NAME = RxSwift_practise;
			};
			name = Debug;
		};
		2201A24827FFC8C40056E129 /* Release */ = {
			isa = XCBuildConfiguration;
			baseConfigurationReference = 065658701D58F8BBE148DDA8 /* Pods-RxSwift_practise-RxSwift_practiseUITests.release.xcconfig */;
			buildSettings = {
				ALWAYS_EMBED_SWIFT_STANDARD_LIBRARIES = YES;
				CODE_SIGN_STYLE = Automatic;
				CURRENT_PROJECT_VERSION = 1;
				DEVELOPMENT_TEAM = E2ZGHA3NG6;
				GENERATE_INFOPLIST_FILE = YES;
				MARKETING_VERSION = 1.0;
				PRODUCT_BUNDLE_IDENTIFIER = "com.sam.du.RxSwift-practiseUITests";
				PRODUCT_NAME = "$(TARGET_NAME)";
				SWIFT_EMIT_LOC_STRINGS = NO;
				SWIFT_VERSION = 5.0;
				TARGETED_DEVICE_FAMILY = "1,2";
				TEST_TARGET_NAME = RxSwift_practise;
			};
			name = Release;
		};
/* End XCBuildConfiguration section */

/* Begin XCConfigurationList section */
		2201A21127FFC8C00056E129 /* Build configuration list for PBXProject "RxSwift_practise" */ = {
			isa = XCConfigurationList;
			buildConfigurations = (
				2201A23E27FFC8C40056E129 /* Debug */,
				2201A23F27FFC8C40056E129 /* Release */,
			);
			defaultConfigurationIsVisible = 0;
			defaultConfigurationName = Release;
		};
		2201A24027FFC8C40056E129 /* Build configuration list for PBXNativeTarget "RxSwift_practise" */ = {
			isa = XCConfigurationList;
			buildConfigurations = (
				2201A24127FFC8C40056E129 /* Debug */,
				2201A24227FFC8C40056E129 /* Release */,
			);
			defaultConfigurationIsVisible = 0;
			defaultConfigurationName = Release;
		};
		2201A24327FFC8C40056E129 /* Build configuration list for PBXNativeTarget "RxSwift_practiseTests" */ = {
			isa = XCConfigurationList;
			buildConfigurations = (
				2201A24427FFC8C40056E129 /* Debug */,
				2201A24527FFC8C40056E129 /* Release */,
			);
			defaultConfigurationIsVisible = 0;
			defaultConfigurationName = Release;
		};
		2201A24627FFC8C40056E129 /* Build configuration list for PBXNativeTarget "RxSwift_practiseUITests" */ = {
			isa = XCConfigurationList;
			buildConfigurations = (
				2201A24727FFC8C40056E129 /* Debug */,
				2201A24827FFC8C40056E129 /* Release */,
			);
			defaultConfigurationIsVisible = 0;
			defaultConfigurationName = Release;
		};
/* End XCConfigurationList section */
	};
	rootObject = 2201A20E27FFC8C00056E129 /* Project object */;
}
